
Microsoft Visual Studio Solution File, Format Version 12.00
# Visual Studio Version 17
VisualStudioVersion = 17.3.32825.248
MinimumVisualStudioVersion = 10.0.40219.1
Project("{FAE04EC0-301F-11D3-BF4B-00C04F79EFBC}") = "NLayer.Core", "NLayer.Core\NLayer.Core.csproj", "{66EB3FDD-1CE7-45EA-95B9-E2C3EE9FC38D}"
EndProject
Project("{FAE04EC0-301F-11D3-BF4B-00C04F79EFBC}") = "NLayer.Repository", "NLayer.Repository\NLayer.Repository.csproj", "{728E9F67-0713-4989-904E-54C78C7DC2B9}"
EndProject
Project("{FAE04EC0-301F-11D3-BF4B-00C04F79EFBC}") = "NLayer.Service", "NLayer.Service\NLayer.Service.csproj", "{4AA2A003-E865-4AD4-9DE0-945BA59A83FE}"
EndProject
Project("{FAE04EC0-301F-11D3-BF4B-00C04F79EFBC}") = "NLayer.API", "NLayer.API\NLayer.API.csproj", "{76FAA16C-D4AE-4DF9-A35D-23B56E419AFA}"
EndProject
Project("{FAE04EC0-301F-11D3-BF4B-00C04F79EFBC}") = "NLayer.Web", "NLayer.Web\NLayer.Web.csproj", "{08FDA147-9365-4492-BFA1-5E575DE094FD}"
EndProject
Project("{FAE04EC0-301F-11D3-BF4B-00C04F79EFBC}") = "NLayer.Caching", "NLayer.Caching\NLayer.Caching.csproj", "{82E9F350-4EA6-439D-B271-AAF6ADDDE9D0}"
EndProject
Global
	GlobalSection(SolutionConfigurationPlatforms) = preSolution
		Debug|Any CPU = Debug|Any CPU
		Release|Any CPU = Release|Any CPU
	EndGlobalSection
	GlobalSection(ProjectConfigurationPlatforms) = postSolution
		{66EB3FDD-1CE7-45EA-95B9-E2C3EE9FC38D}.Debug|Any CPU.ActiveCfg = Debug|Any CPU
		{66EB3FDD-1CE7-45EA-95B9-E2C3EE9FC38D}.Debug|Any CPU.Build.0 = Debug|Any CPU
		{66EB3FDD-1CE7-45EA-95B9-E2C3EE9FC38D}.Release|Any CPU.ActiveCfg = Release|Any CPU
		{66EB3FDD-1CE7-45EA-95B9-E2C3EE9FC38D}.Release|Any CPU.Build.0 = Release|Any CPU
		{728E9F67-0713-4989-904E-54C78C7DC2B9}.Debug|Any CPU.ActiveCfg = Debug|Any CPU
		{728E9F67-0713-4989-904E-54C78C7DC2B9}.Debug|Any CPU.Build.0 = Debug|Any CPU
		{728E9F67-0713-4989-904E-54C78C7DC2B9}.Release|Any CPU.ActiveCfg = Release|Any CPU
		{728E9F67-0713-4989-904E-54C78C7DC2B9}.Release|Any CPU.Build.0 = Release|Any CPU
		{4AA2A003-E865-4AD4-9DE0-945BA59A83FE}.Debug|Any CPU.ActiveCfg = Debug|Any CPU
		{4AA2A003-E865-4AD4-9DE0-945BA59A83FE}.Debug|Any CPU.Build.0 = Debug|Any CPU
		{4AA2A003-E865-4AD4-9DE0-945BA59A83FE}.Release|Any CPU.ActiveCfg = Release|Any CPU
		{4AA2A003-E865-4AD4-9DE0-945BA59A83FE}.Release|Any CPU.Build.0 = Release|Any CPU
		{76FAA16C-D4AE-4DF9-A35D-23B56E419AFA}.Debug|Any CPU.ActiveCfg = Debug|Any CPU
		{76FAA16C-D4AE-4DF9-A35D-23B56E419AFA}.Debug|Any CPU.Build.0 = Debug|Any CPU
		{76FAA16C-D4AE-4DF9-A35D-23B56E419AFA}.Release|Any CPU.ActiveCfg = Release|Any CPU
		{76FAA16C-D4AE-4DF9-A35D-23B56E419AFA}.Release|Any CPU.Build.0 = Release|Any CPU
		{08FDA147-9365-4492-BFA1-5E575DE094FD}.Debug|Any CPU.ActiveCfg = Debug|Any CPU
		{08FDA147-9365-4492-BFA1-5E575DE094FD}.Debug|Any CPU.Build.0 = Debug|Any CPU
		{08FDA147-9365-4492-BFA1-5E575DE094FD}.Release|Any CPU.ActiveCfg = Release|Any CPU
		{08FDA147-9365-4492-BFA1-5E575DE094FD}.Release|Any CPU.Build.0 = Release|Any CPU
		{82E9F350-4EA6-439D-B271-AAF6ADDDE9D0}.Debug|Any CPU.ActiveCfg = Debug|Any CPU
		{82E9F350-4EA6-439D-B271-AAF6ADDDE9D0}.Debug|Any CPU.Build.0 = Debug|Any CPU
		{82E9F350-4EA6-439D-B271-AAF6ADDDE9D0}.Release|Any CPU.ActiveCfg = Release|Any CPU
		{82E9F350-4EA6-439D-B271-AAF6ADDDE9D0}.Release|Any CPU.Build.0 = Release|Any CPU
	EndGlobalSection
	GlobalSection(SolutionProperties) = preSolution
		HideSolutionNode = FALSE
	EndGlobalSection
	GlobalSection(ExtensibilityGlobals) = postSolution
		SolutionGuid = {FA1203A8-A263-483D-9675-FF77C1668304}
	EndGlobalSection
EndGlobal
